
Microsoft Visual Studio Solution File, Format Version 12.00
# Visual Studio Version 17
VisualStudioVersion = 17.0.31903.59
MinimumVisualStudioVersion = 10.0.40219.1
Project("{2150E333-8FDC-42A3-9474-1A3956D46DE8}") = "src", "src", "{FA9D11ED-DD90-4E4C-A449-BD42C106C79D}"
EndProject
Project("{FAE04EC0-301F-11D3-BF4B-00C04F79EFBC}") = "GoXlrControl.Hardware.Abstractions", "src\GoXlrControl.Hardware.Abstractions\GoXlrControl.Hardware.Abstractions.csproj", "{88858A71-2560-44D8-AC84-8CF32AD30558}"
EndProject
Project("{FAE04EC0-301F-11D3-BF4B-00C04F79EFBC}") = "GoXlrControl.Hardware", "src\GoXlrControl.Hardware\GoXlrControl.Hardware.csproj", "{3551F710-792E-4857-A895-3D8D32506AB9}"
EndProject
Project("{FAE04EC0-301F-11D3-BF4B-00C04F79EFBC}") = "GoXlrControl.Engine", "src\GoXlrControl.Engine\GoXlrControl.Engine.csproj", "{058238FA-D8D7-4400-A79F-F95D0B397028}"
EndProject
Project("{FAE04EC0-301F-11D3-BF4B-00C04F79EFBC}") = "GoXlrControl.Config", "src\GoXlrControl.Config\GoXlrControl.Config.csproj", "{687E47F8-21B4-4ACE-9A74-3A5D25F62272}"
EndProject
Project("{FAE04EC0-301F-11D3-BF4B-00C04F79EFBC}") = "GoXlrControl.Diagnostics", "src\GoXlrControl.Diagnostics\GoXlrControl.Diagnostics.csproj", "{21E31103-929F-41F5-A1B2-59F50B45014F}"
EndProject
Project("{2150E333-8FDC-42A3-9474-1A3956D46DE8}") = "tests", "tests", "{118468CA-3FC7-4856-8E58-A6FD35995AF2}"
EndProject
Project("{FAE04EC0-301F-11D3-BF4B-00C04F79EFBC}") = "GoXlrControl.Engine.Tests", "tests\GoXlrControl.Engine.Tests\GoXlrControl.Engine.Tests.csproj", "{12A8B423-CB24-4463-8D93-701E2A07216A}"
EndProject
Project("{FAE04EC0-301F-11D3-BF4B-00C04F79EFBC}") = "GoXlrControl.Config.Tests", "tests\GoXlrControl.Config.Tests\GoXlrControl.Config.Tests.csproj", "{02283A09-CBEF-45B1-B8C7-D7712BC18031}"
EndProject
Project("{FAE04EC0-301F-11D3-BF4B-00C04F79EFBC}") = "GoXlrControl.Hardware.Tests", "tests\GoXlrControl.Hardware.Tests\GoXlrControl.Hardware.Tests.csproj", "{B3152BC0-1BA1-44B3-8E08-BEE07B3E88FC}"
EndProject
Project("{FAE04EC0-301F-11D3-BF4B-00C04F79EFBC}") = "GoXlrControl.Audio", "src\GoXlrControl.Audio\GoXlrControl.Audio.csproj", "{26AB7C51-9000-4013-9619-BAE4AB444586}"
EndProject
Project("{FAE04EC0-301F-11D3-BF4B-00C04F79EFBC}") = "GoXlrControl.Integrations", "src\GoXlrControl.Integrations\GoXlrControl.Integrations.csproj", "{A52540AC-A3AE-42A7-A01A-5AC33AF830E6}"
EndProject
Project("{FAE04EC0-301F-11D3-BF4B-00C04F79EFBC}") = "GoXlrControl.App", "src\GoXlrControl.App\GoXlrControl.App.csproj", "{B9A2C4C2-5D81-4221-AB8F-50F332BF6CE5}"
EndProject
Project("{2150E333-8FDC-42A3-9474-1A3956D46DE8}") = "tools", "tools", "{51E54A29-E45A-4164-8451-94AA7104454E}"
EndProject
Project("{FAE04EC0-301F-11D3-BF4B-00C04F79EFBC}") = "GoXlrControl.DiagHost", "tools\GoXlrControl.DiagHost\GoXlrControl.DiagHost.csproj", "{8B070152-0A5B-440B-88B2-F299970A70EA}"
EndProject
Project("{FAE04EC0-301F-11D3-BF4B-00C04F79EFBC}") = "GoXlrControl.Integrations.Tests", "tests\GoXlrControl.Integrations.Tests\GoXlrControl.Integrations.Tests.csproj", "{B316C2F4-230A-4033-82BA-EB0A745A0F1F}"
EndProject
Global
	GlobalSection(SolutionConfigurationPlatforms) = preSolution
		Debug|Any CPU = Debug|Any CPU
		Release|Any CPU = Release|Any CPU
	EndGlobalSection
	GlobalSection(SolutionProperties) = preSolution
		HideSolutionNode = FALSE
	EndGlobalSection
	GlobalSection(ProjectConfigurationPlatforms) = postSolution
		{88858A71-2560-44D8-AC84-8CF32AD30558}.Debug|Any CPU.ActiveCfg = Debug|Any CPU
		{88858A71-2560-44D8-AC84-8CF32AD30558}.Debug|Any CPU.Build.0 = Debug|Any CPU
		{88858A71-2560-44D8-AC84-8CF32AD30558}.Release|Any CPU.ActiveCfg = Release|Any CPU
		{88858A71-2560-44D8-AC84-8CF32AD30558}.Release|Any CPU.Build.0 = Release|Any CPU
		{3551F710-792E-4857-A895-3D8D32506AB9}.Debug|Any CPU.ActiveCfg = Debug|Any CPU
		{3551F710-792E-4857-A895-3D8D32506AB9}.Debug|Any CPU.Build.0 = Debug|Any CPU
		{3551F710-792E-4857-A895-3D8D32506AB9}.Release|Any CPU.ActiveCfg = Release|Any CPU
		{3551F710-792E-4857-A895-3D8D32506AB9}.Release|Any CPU.Build.0 = Release|Any CPU
		{058238FA-D8D7-4400-A79F-F95D0B397028}.Debug|Any CPU.ActiveCfg = Debug|Any CPU
		{058238FA-D8D7-4400-A79F-F95D0B397028}.Debug|Any CPU.Build.0 = Debug|Any CPU
		{058238FA-D8D7-4400-A79F-F95D0B397028}.Release|Any CPU.ActiveCfg = Release|Any CPU
		{058238FA-D8D7-4400-A79F-F95D0B397028}.Release|Any CPU.Build.0 = Release|Any CPU
		{687E47F8-21B4-4ACE-9A74-3A5D25F62272}.Debug|Any CPU.ActiveCfg = Debug|Any CPU
		{687E47F8-21B4-4ACE-9A74-3A5D25F62272}.Debug|Any CPU.Build.0 = Debug|Any CPU
		{687E47F8-21B4-4ACE-9A74-3A5D25F62272}.Release|Any CPU.ActiveCfg = Release|Any CPU
		{687E47F8-21B4-4ACE-9A74-3A5D25F62272}.Release|Any CPU.Build.0 = Release|Any CPU
		{21E31103-929F-41F5-A1B2-59F50B45014F}.Debug|Any CPU.ActiveCfg = Debug|Any CPU
		{21E31103-929F-41F5-A1B2-59F50B45014F}.Debug|Any CPU.Build.0 = Debug|Any CPU
		{21E31103-929F-41F5-A1B2-59F50B45014F}.Release|Any CPU.ActiveCfg = Release|Any CPU
		{21E31103-929F-41F5-A1B2-59F50B45014F}.Release|Any CPU.Build.0 = Release|Any CPU
		{12A8B423-CB24-4463-8D93-701E2A07216A}.Debug|Any CPU.ActiveCfg = Debug|Any CPU
		{12A8B423-CB24-4463-8D93-701E2A07216A}.Debug|Any CPU.Build.0 = Debug|Any CPU
		{12A8B423-CB24-4463-8D93-701E2A07216A}.Release|Any CPU.ActiveCfg = Release|Any CPU
		{12A8B423-CB24-4463-8D93-701E2A07216A}.Release|Any CPU.Build.0 = Release|Any CPU
		{02283A09-CBEF-45B1-B8C7-D7712BC18031}.Debug|Any CPU.ActiveCfg = Debug|Any CPU
		{02283A09-CBEF-45B1-B8C7-D7712BC18031}.Debug|Any CPU.Build.0 = Debug|Any CPU
		{02283A09-CBEF-45B1-B8C7-D7712BC18031}.Release|Any CPU.ActiveCfg = Release|Any CPU
		{02283A09-CBEF-45B1-B8C7-D7712BC18031}.Release|Any CPU.Build.0 = Release|Any CPU
		{B3152BC0-1BA1-44B3-8E08-BEE07B3E88FC}.Debug|Any CPU.ActiveCfg = Debug|Any CPU
		{B3152BC0-1BA1-44B3-8E08-BEE07B3E88FC}.Debug|Any CPU.Build.0 = Debug|Any CPU
		{B3152BC0-1BA1-44B3-8E08-BEE07B3E88FC}.Release|Any CPU.ActiveCfg = Release|Any CPU
		{B3152BC0-1BA1-44B3-8E08-BEE07B3E88FC}.Release|Any CPU.Build.0 = Release|Any CPU
		{26AB7C51-9000-4013-9619-BAE4AB444586}.Debug|Any CPU.ActiveCfg = Debug|Any CPU
		{26AB7C51-9000-4013-9619-BAE4AB444586}.Debug|Any CPU.Build.0 = Debug|Any CPU
		{26AB7C51-9000-4013-9619-BAE4AB444586}.Release|Any CPU.ActiveCfg = Release|Any CPU
		{26AB7C51-9000-4013-9619-BAE4AB444586}.Release|Any CPU.Build.0 = Release|Any CPU
		{A52540AC-A3AE-42A7-A01A-5AC33AF830E6}.Debug|Any CPU.ActiveCfg = Debug|Any CPU
		{A52540AC-A3AE-42A7-A01A-5AC33AF830E6}.Debug|Any CPU.Build.0 = Debug|Any CPU
		{A52540AC-A3AE-42A7-A01A-5AC33AF830E6}.Release|Any CPU.ActiveCfg = Release|Any CPU
		{A52540AC-A3AE-42A7-A01A-5AC33AF830E6}.Release|Any CPU.Build.0 = Release|Any CPU
		{B9A2C4C2-5D81-4221-AB8F-50F332BF6CE5}.Debug|Any CPU.ActiveCfg = Debug|Any CPU
		{B9A2C4C2-5D81-4221-AB8F-50F332BF6CE5}.Debug|Any CPU.Build.0 = Debug|Any CPU
		{B9A2C4C2-5D81-4221-AB8F-50F332BF6CE5}.Release|Any CPU.ActiveCfg = Release|Any CPU
		{B9A2C4C2-5D81-4221-AB8F-50F332BF6CE5}.Release|Any CPU.Build.0 = Release|Any CPU
		{8B070152-0A5B-440B-88B2-F299970A70EA}.Debug|Any CPU.ActiveCfg = Debug|Any CPU
		{8B070152-0A5B-440B-88B2-F299970A70EA}.Debug|Any CPU.Build.0 = Debug|Any CPU
		{8B070152-0A5B-440B-88B2-F299970A70EA}.Release|Any CPU.ActiveCfg = Release|Any CPU
		{8B070152-0A5B-440B-88B2-F299970A70EA}.Release|Any CPU.Build.0 = Release|Any CPU
		{B316C2F4-230A-4033-82BA-EB0A745A0F1F}.Debug|Any CPU.ActiveCfg = Debug|Any CPU
		{B316C2F4-230A-4033-82BA-EB0A745A0F1F}.Debug|Any CPU.Build.0 = Debug|Any CPU
		{B316C2F4-230A-4033-82BA-EB0A745A0F1F}.Release|Any CPU.ActiveCfg = Release|Any CPU
		{B316C2F4-230A-4033-82BA-EB0A745A0F1F}.Release|Any CPU.Build.0 = Release|Any CPU
	EndGlobalSection
	GlobalSection(NestedProjects) = preSolution
		{88858A71-2560-44D8-AC84-8CF32AD30558} = {FA9D11ED-DD90-4E4C-A449-BD42C106C79D}
		{3551F710-792E-4857-A895-3D8D32506AB9} = {FA9D11ED-DD90-4E4C-A449-BD42C106C79D}
		{058238FA-D8D7-4400-A79F-F95D0B397028} = {FA9D11ED-DD90-4E4C-A449-BD42C106C79D}
		{687E47F8-21B4-4ACE-9A74-3A5D25F62272} = {FA9D11ED-DD90-4E4C-A449-BD42C106C79D}
		{21E31103-929F-41F5-A1B2-59F50B45014F} = {FA9D11ED-DD90-4E4C-A449-BD42C106C79D}
		{12A8B423-CB24-4463-8D93-701E2A07216A} = {118468CA-3FC7-4856-8E58-A6FD35995AF2}
		{02283A09-CBEF-45B1-B8C7-D7712BC18031} = {118468CA-3FC7-4856-8E58-A6FD35995AF2}
		{B3152BC0-1BA1-44B3-8E08-BEE07B3E88FC} = {118468CA-3FC7-4856-8E58-A6FD35995AF2}
		{26AB7C51-9000-4013-9619-BAE4AB444586} = {FA9D11ED-DD90-4E4C-A449-BD42C106C79D}
		{A52540AC-A3AE-42A7-A01A-5AC33AF830E6} = {FA9D11ED-DD90-4E4C-A449-BD42C106C79D}
		{B9A2C4C2-5D81-4221-AB8F-50F332BF6CE5} = {FA9D11ED-DD90-4E4C-A449-BD42C106C79D}
		{8B070152-0A5B-440B-88B2-F299970A70EA} = {51E54A29-E45A-4164-8451-94AA7104454E}
		{B316C2F4-230A-4033-82BA-EB0A745A0F1F} = {118468CA-3FC7-4856-8E58-A6FD35995AF2}
	EndGlobalSection
EndGlobal
